
Microsoft Visual Studio Solution File, Format Version 12.00
# Visual Studio 14
VisualStudioVersion = 14.0.25420.1
MinimumVisualStudioVersion = 10.0.40219.1
Project("{FAE04EC0-301F-11D3-BF4B-00C04F79EFBC}") = "_2x2_SimpleCRM.DataLayerSQLite", "_2x2_SimpleCRM.DataLayerSQLite\_2x2_SimpleCRM.DataLayerSQLite.csproj", "{BBB56DC5-9405-466F-B97E-0A0361838ED4}"
EndProject
Project("{FAE04EC0-301F-11D3-BF4B-00C04F79EFBC}") = "_2x2_SimpleCRM.Console", "_2x2_SimpleCRM.Console\_2x2_SimpleCRM.Console.csproj", "{2A2D495A-5ED1-4944-AA08-BE9B6A381D2C}"
EndProject
Project("{FAE04EC0-301F-11D3-BF4B-00C04F79EFBC}") = "_2x2_SimpleCRM.Repository", "_2x2_SimpleCRM.Repository\_2x2_SimpleCRM.Repository.csproj", "{D3986638-1B0B-43C3-AFC6-A130E648C3F0}"
EndProject
Project("{FAE04EC0-301F-11D3-BF4B-00C04F79EFBC}") = "_2x2_SimpleCRM.AspNet", "_2x2_SimpleCRM.AspNet\_2x2_SimpleCRM.AspNet.csproj", "{E7A1D6B4-DCEB-436A-8A50-7FC5E872F0C7}"
EndProject
Project("{FAE04EC0-301F-11D3-BF4B-00C04F79EFBC}") = "_2x2_SimpleCRM.AspNet.Tests", "_2x2_SimpleCRM.AspNet.Tests\_2x2_SimpleCRM.AspNet.Tests.csproj", "{B3314CAA-AC19-421E-BE1B-56E66AAA1A09}"
EndProject
Global
	GlobalSection(SolutionConfigurationPlatforms) = preSolution
		Debug|Any CPU = Debug|Any CPU
		Release|Any CPU = Release|Any CPU
	EndGlobalSection
	GlobalSection(ProjectConfigurationPlatforms) = postSolution
		{BBB56DC5-9405-466F-B97E-0A0361838ED4}.Debug|Any CPU.ActiveCfg = Debug|Any CPU
		{BBB56DC5-9405-466F-B97E-0A0361838ED4}.Debug|Any CPU.Build.0 = Debug|Any CPU
		{BBB56DC5-9405-466F-B97E-0A0361838ED4}.Release|Any CPU.ActiveCfg = Release|Any CPU
		{BBB56DC5-9405-466F-B97E-0A0361838ED4}.Release|Any CPU.Build.0 = Release|Any CPU
		{2A2D495A-5ED1-4944-AA08-BE9B6A381D2C}.Debug|Any CPU.ActiveCfg = Debug|Any CPU
		{2A2D495A-5ED1-4944-AA08-BE9B6A381D2C}.Debug|Any CPU.Build.0 = Debug|Any CPU
		{2A2D495A-5ED1-4944-AA08-BE9B6A381D2C}.Release|Any CPU.ActiveCfg = Release|Any CPU
		{2A2D495A-5ED1-4944-AA08-BE9B6A381D2C}.Release|Any CPU.Build.0 = Release|Any CPU
		{D3986638-1B0B-43C3-AFC6-A130E648C3F0}.Debug|Any CPU.ActiveCfg = Debug|Any CPU
		{D3986638-1B0B-43C3-AFC6-A130E648C3F0}.Debug|Any CPU.Build.0 = Debug|Any CPU
		{D3986638-1B0B-43C3-AFC6-A130E648C3F0}.Release|Any CPU.ActiveCfg = Release|Any CPU
		{D3986638-1B0B-43C3-AFC6-A130E648C3F0}.Release|Any CPU.Build.0 = Release|Any CPU
		{E7A1D6B4-DCEB-436A-8A50-7FC5E872F0C7}.Debug|Any CPU.ActiveCfg = Debug|Any CPU
		{E7A1D6B4-DCEB-436A-8A50-7FC5E872F0C7}.Debug|Any CPU.Build.0 = Debug|Any CPU
		{E7A1D6B4-DCEB-436A-8A50-7FC5E872F0C7}.Release|Any CPU.ActiveCfg = Release|Any CPU
		{E7A1D6B4-DCEB-436A-8A50-7FC5E872F0C7}.Release|Any CPU.Build.0 = Release|Any CPU
		{B3314CAA-AC19-421E-BE1B-56E66AAA1A09}.Debug|Any CPU.ActiveCfg = Debug|Any CPU
		{B3314CAA-AC19-421E-BE1B-56E66AAA1A09}.Debug|Any CPU.Build.0 = Debug|Any CPU
		{B3314CAA-AC19-421E-BE1B-56E66AAA1A09}.Release|Any CPU.ActiveCfg = Release|Any CPU
		{B3314CAA-AC19-421E-BE1B-56E66AAA1A09}.Release|Any CPU.Build.0 = Release|Any CPU
	EndGlobalSection
	GlobalSection(SolutionProperties) = preSolution
		HideSolutionNode = FALSE
	EndGlobalSection
EndGlobal
